
Microsoft Visual Studio Solution File, Format Version 12.00
# Visual Studio Version 16
VisualStudioVersion = 16.0.31729.503
MinimumVisualStudioVersion = 10.0.40219.1
Project("{9A19103F-16F7-4668-BE54-9A1E7A4F7556}") = "Examen", "Examen\Examen.csproj", "{EC63B2D7-CA43-49A8-ABC5-C67FB9014FCF}"
EndProject
Global
	GlobalSection(SolutionConfigurationPlatforms) = preSolution
		Debug|Any CPU = Debug|Any CPU
		Release|Any CPU = Release|Any CPU
	EndGlobalSection
	GlobalSection(ProjectConfigurationPlatforms) = postSolution
		{EC63B2D7-CA43-49A8-ABC5-C67FB9014FCF}.Debug|Any CPU.ActiveCfg = Debug|Any CPU
		{EC63B2D7-CA43-49A8-ABC5-C67FB9014FCF}.Debug|Any CPU.Build.0 = Debug|Any CPU
		{EC63B2D7-CA43-49A8-ABC5-C67FB9014FCF}.Release|Any CPU.ActiveCfg = Release|Any CPU
		{EC63B2D7-CA43-49A8-ABC5-C67FB9014FCF}.Release|Any CPU.Build.0 = Release|Any CPU
	EndGlobalSection
	GlobalSection(SolutionProperties) = preSolution
		HideSolutionNode = FALSE
	EndGlobalSection
	GlobalSection(ExtensibilityGlobals) = postSolution
		SolutionGuid = {EA0CE99E-1C53-49D3-BA78-5E4934880F5C}
	EndGlobalSection
EndGlobal
